
Microsoft Visual Studio Solution File, Format Version 12.00
# Visual Studio Version 17
VisualStudioVersion = 17.7.34031.279
MinimumVisualStudioVersion = 10.0.40219.1
Project("{9A19103F-16F7-4668-BE54-9A1E7A4F7556}") = "Parlo.Docker", "Parlo.Docker\Parlo.Docker.csproj", "{1BD68B0C-7D97-4F56-A4A0-CA80D44276E0}"
EndProject
Project("{9A19103F-16F7-4668-BE54-9A1E7A4F7556}") = "LoginProtocol", "LoginProtocol\LoginProtocol.csproj", "{EC827DC6-64A9-4DD6-BBA6-E5A4FEDF18FF}"
EndProject
Global
	GlobalSection(SolutionConfigurationPlatforms) = preSolution
		Debug|Any CPU = Debug|Any CPU
		Release|Any CPU = Release|Any CPU
	EndGlobalSection
	GlobalSection(ProjectConfigurationPlatforms) = postSolution
		{1BD68B0C-7D97-4F56-A4A0-CA80D44276E0}.Debug|Any CPU.ActiveCfg = Debug|Any CPU
		{1BD68B0C-7D97-4F56-A4A0-CA80D44276E0}.Debug|Any CPU.Build.0 = Debug|Any CPU
		{1BD68B0C-7D97-4F56-A4A0-CA80D44276E0}.Release|Any CPU.ActiveCfg = Release|Any CPU
		{1BD68B0C-7D97-4F56-A4A0-CA80D44276E0}.Release|Any CPU.Build.0 = Release|Any CPU
		{EC827DC6-64A9-4DD6-BBA6-E5A4FEDF18FF}.Debug|Any CPU.ActiveCfg = Debug|Any CPU
		{EC827DC6-64A9-4DD6-BBA6-E5A4FEDF18FF}.Debug|Any CPU.Build.0 = Debug|Any CPU
		{EC827DC6-64A9-4DD6-BBA6-E5A4FEDF18FF}.Release|Any CPU.ActiveCfg = Release|Any CPU
		{EC827DC6-64A9-4DD6-BBA6-E5A4FEDF18FF}.Release|Any CPU.Build.0 = Release|Any CPU
	EndGlobalSection
	GlobalSection(SolutionProperties) = preSolution
		HideSolutionNode = FALSE
	EndGlobalSection
	GlobalSection(ExtensibilityGlobals) = postSolution
		SolutionGuid = {57DC061F-E679-462D-9F33-919D4649C815}
	EndGlobalSection
EndGlobal
